// !$*UTF8*$!
{
	archiveVersion = 1;
	classes = {
	};
	objectVersion = 56;
	objects = {

/* Begin PBXBuildFile section */
		7233633A2B7CED8F00438EA8 /* Media.swift in Sources */ = {isa = PBXBuildFile; fileRef = 723363392B7CED8F00438EA8 /* Media.swift */; };
		7247E42C2B82C7AE0003DDE2 /* Superbase.swift in Sources */ = {isa = PBXBuildFile; fileRef = 7247E42B2B82C7AE0003DDE2 /* Superbase.swift */; };
		7247E42F2B82C8070003DDE2 /* Auth in Frameworks */ = {isa = PBXBuildFile; productRef = 7247E42E2B82C8070003DDE2 /* Auth */; };
		7247E4312B82C8070003DDE2 /* Functions in Frameworks */ = {isa = PBXBuildFile; productRef = 7247E4302B82C8070003DDE2 /* Functions */; };
		7247E4332B82C8070003DDE2 /* PostgREST in Frameworks */ = {isa = PBXBuildFile; productRef = 7247E4322B82C8070003DDE2 /* PostgREST */; };
		7247E4352B82C8070003DDE2 /* Realtime in Frameworks */ = {isa = PBXBuildFile; productRef = 7247E4342B82C8070003DDE2 /* Realtime */; };
		7247E4372B82C8070003DDE2 /* Storage in Frameworks */ = {isa = PBXBuildFile; productRef = 7247E4362B82C8070003DDE2 /* Storage */; };
		7247E4392B82C8070003DDE2 /* Supabase in Frameworks */ = {isa = PBXBuildFile; productRef = 7247E4382B82C8070003DDE2 /* Supabase */; };
		7247E43D2B837EF60003DDE2 /* getRating.swift in Sources */ = {isa = PBXBuildFile; fileRef = 7247E43C2B837EF60003DDE2 /* getRating.swift */; };
		72AAC2EA2B275415002FF6A9 /* AddSpotReview.swift in Sources */ = {isa = PBXBuildFile; fileRef = 72AAC2E92B275415002FF6A9 /* AddSpotReview.swift */; };
		72BCA3712B260220009CC151 /* SpotDetailsView.swift in Sources */ = {isa = PBXBuildFile; fileRef = 72BCA3702B260220009CC151 /* SpotDetailsView.swift */; };
		72D5F8592B5EC97500788354 /* Colour scheme.swift in Sources */ = {isa = PBXBuildFile; fileRef = 72D5F8582B5EC97500788354 /* Colour scheme.swift */; };
		72D5F85B2B5EDB3700788354 /* StarView.swift in Sources */ = {isa = PBXBuildFile; fileRef = 72D5F85A2B5EDB3700788354 /* StarView.swift */; };
		72D5F85D2B603AB700788354 /* SpotView.swift in Sources */ = {isa = PBXBuildFile; fileRef = 72D5F85C2B603AB700788354 /* SpotView.swift */; };
		72D5F85F2B603B9100788354 /* SpotReviewsView.swift in Sources */ = {isa = PBXBuildFile; fileRef = 72D5F85E2B603B9100788354 /* SpotReviewsView.swift */; };
		72D5F8612B603BFE00788354 /* SpotMediaView.swift in Sources */ = {isa = PBXBuildFile; fileRef = 72D5F8602B603BFE00788354 /* SpotMediaView.swift */; };
		72D5F8632B606E1F00788354 /* NewMapView.swift in Sources */ = {isa = PBXBuildFile; fileRef = 72D5F8622B606E1F00788354 /* NewMapView.swift */; };
		72D5F8672B65556800788354 /* Reviews.swift in Sources */ = {isa = PBXBuildFile; fileRef = 72D5F8662B65556800788354 /* Reviews.swift */; };
		72E47CD02B24EE4F0050DAB0 /* ParkourAppApp.swift in Sources */ = {isa = PBXBuildFile; fileRef = 72E47CCF2B24EE4F0050DAB0 /* ParkourAppApp.swift */; };
		72E47CD42B24EE500050DAB0 /* Assets.xcassets in Resources */ = {isa = PBXBuildFile; fileRef = 72E47CD32B24EE500050DAB0 /* Assets.xcassets */; };
		72E47CD72B24EE500050DAB0 /* Preview Assets.xcassets in Resources */ = {isa = PBXBuildFile; fileRef = 72E47CD62B24EE500050DAB0 /* Preview Assets.xcassets */; };
		72E47CE12B24EE500050DAB0 /* ParkourAppTests.swift in Sources */ = {isa = PBXBuildFile; fileRef = 72E47CE02B24EE500050DAB0 /* ParkourAppTests.swift */; };
		72E47CEB2B24EE500050DAB0 /* ParkourAppUITests.swift in Sources */ = {isa = PBXBuildFile; fileRef = 72E47CEA2B24EE500050DAB0 /* ParkourAppUITests.swift */; };
		72E47CED2B24EE500050DAB0 /* ParkourAppUITestsLaunchTests.swift in Sources */ = {isa = PBXBuildFile; fileRef = 72E47CEC2B24EE500050DAB0 /* ParkourAppUITestsLaunchTests.swift */; };
		72E47CFB2B24EF850050DAB0 /* MapView.swift in Sources */ = {isa = PBXBuildFile; fileRef = 72E47CFA2B24EF850050DAB0 /* MapView.swift */; };
		72E47CFD2B24EF910050DAB0 /* WorkoutView.swift in Sources */ = {isa = PBXBuildFile; fileRef = 72E47CFC2B24EF910050DAB0 /* WorkoutView.swift */; };
		72E47CFF2B24EF9C0050DAB0 /* ProfileView.swift in Sources */ = {isa = PBXBuildFile; fileRef = 72E47CFE2B24EF9C0050DAB0 /* ProfileView.swift */; };
		72E47D012B2502350050DAB0 /* ContentView.swift in Sources */ = {isa = PBXBuildFile; fileRef = 72E47D002B2502350050DAB0 /* ContentView.swift */; };
		72E47D042B2526710050DAB0 /* Markers.swift in Sources */ = {isa = PBXBuildFile; fileRef = 72E47D032B2526710050DAB0 /* Markers.swift */; };
/* End PBXBuildFile section */

/* Begin PBXContainerItemProxy section */
		72E47CDD2B24EE500050DAB0 /* PBXContainerItemProxy */ = {
			isa = PBXContainerItemProxy;
			containerPortal = 72E47CC42B24EE4F0050DAB0 /* Project object */;
			proxyType = 1;
			remoteGlobalIDString = 72E47CCB2B24EE4F0050DAB0;
			remoteInfo = ParkourApp;
		};
		72E47CE72B24EE500050DAB0 /* PBXContainerItemProxy */ = {
			isa = PBXContainerItemProxy;
			containerPortal = 72E47CC42B24EE4F0050DAB0 /* Project object */;
			proxyType = 1;
			remoteGlobalIDString = 72E47CCB2B24EE4F0050DAB0;
			remoteInfo = ParkourApp;
		};
/* End PBXContainerItemProxy section */

/* Begin PBXFileReference section */
		723363392B7CED8F00438EA8 /* Media.swift */ = {isa = PBXFileReference; lastKnownFileType = sourcecode.swift; path = Media.swift; sourceTree = "<group>"; };
		7247E42B2B82C7AE0003DDE2 /* Superbase.swift */ = {isa = PBXFileReference; lastKnownFileType = sourcecode.swift; path = Superbase.swift; sourceTree = "<group>"; };
		7247E43C2B837EF60003DDE2 /* getRating.swift */ = {isa = PBXFileReference; fileEncoding = 4; lastKnownFileType = sourcecode.swift; path = getRating.swift; sourceTree = "<group>"; };
		72AAC2E92B275415002FF6A9 /* AddSpotReview.swift */ = {isa = PBXFileReference; lastKnownFileType = sourcecode.swift; path = AddSpotReview.swift; sourceTree = "<group>"; };
		72BCA3702B260220009CC151 /* SpotDetailsView.swift */ = {isa = PBXFileReference; lastKnownFileType = sourcecode.swift; path = SpotDetailsView.swift; sourceTree = "<group>"; };
		72D5F8582B5EC97500788354 /* Colour scheme.swift */ = {isa = PBXFileReference; lastKnownFileType = sourcecode.swift; path = "Colour scheme.swift"; sourceTree = "<group>"; };
		72D5F85A2B5EDB3700788354 /* StarView.swift */ = {isa = PBXFileReference; lastKnownFileType = sourcecode.swift; path = StarView.swift; sourceTree = "<group>"; };
		72D5F85C2B603AB700788354 /* SpotView.swift */ = {isa = PBXFileReference; lastKnownFileType = sourcecode.swift; path = SpotView.swift; sourceTree = "<group>"; };
		72D5F85E2B603B9100788354 /* SpotReviewsView.swift */ = {isa = PBXFileReference; lastKnownFileType = sourcecode.swift; path = SpotReviewsView.swift; sourceTree = "<group>"; };
		72D5F8602B603BFE00788354 /* SpotMediaView.swift */ = {isa = PBXFileReference; lastKnownFileType = sourcecode.swift; path = SpotMediaView.swift; sourceTree = "<group>"; };
		72D5F8622B606E1F00788354 /* NewMapView.swift */ = {isa = PBXFileReference; lastKnownFileType = sourcecode.swift; path = NewMapView.swift; sourceTree = "<group>"; };
		72D5F8662B65556800788354 /* Reviews.swift */ = {isa = PBXFileReference; lastKnownFileType = sourcecode.swift; path = Reviews.swift; sourceTree = "<group>"; };
		72E47CCC2B24EE4F0050DAB0 /* ParkourApp.app */ = {isa = PBXFileReference; explicitFileType = wrapper.application; includeInIndex = 0; path = ParkourApp.app; sourceTree = BUILT_PRODUCTS_DIR; };
		72E47CCF2B24EE4F0050DAB0 /* ParkourAppApp.swift */ = {isa = PBXFileReference; lastKnownFileType = sourcecode.swift; path = ParkourAppApp.swift; sourceTree = "<group>"; };
		72E47CD32B24EE500050DAB0 /* Assets.xcassets */ = {isa = PBXFileReference; lastKnownFileType = folder.assetcatalog; path = Assets.xcassets; sourceTree = "<group>"; };
		72E47CD62B24EE500050DAB0 /* Preview Assets.xcassets */ = {isa = PBXFileReference; lastKnownFileType = folder.assetcatalog; path = "Preview Assets.xcassets"; sourceTree = "<group>"; };
		72E47CDC2B24EE500050DAB0 /* ParkourAppTests.xctest */ = {isa = PBXFileReference; explicitFileType = wrapper.cfbundle; includeInIndex = 0; path = ParkourAppTests.xctest; sourceTree = BUILT_PRODUCTS_DIR; };
		72E47CE02B24EE500050DAB0 /* ParkourAppTests.swift */ = {isa = PBXFileReference; lastKnownFileType = sourcecode.swift; path = ParkourAppTests.swift; sourceTree = "<group>"; };
		72E47CE62B24EE500050DAB0 /* ParkourAppUITests.xctest */ = {isa = PBXFileReference; explicitFileType = wrapper.cfbundle; includeInIndex = 0; path = ParkourAppUITests.xctest; sourceTree = BUILT_PRODUCTS_DIR; };
		72E47CEA2B24EE500050DAB0 /* ParkourAppUITests.swift */ = {isa = PBXFileReference; lastKnownFileType = sourcecode.swift; path = ParkourAppUITests.swift; sourceTree = "<group>"; };
		72E47CEC2B24EE500050DAB0 /* ParkourAppUITestsLaunchTests.swift */ = {isa = PBXFileReference; lastKnownFileType = sourcecode.swift; path = ParkourAppUITestsLaunchTests.swift; sourceTree = "<group>"; };
		72E47CFA2B24EF850050DAB0 /* MapView.swift */ = {isa = PBXFileReference; lastKnownFileType = sourcecode.swift; path = MapView.swift; sourceTree = "<group>"; };
		72E47CFC2B24EF910050DAB0 /* WorkoutView.swift */ = {isa = PBXFileReference; lastKnownFileType = sourcecode.swift; path = WorkoutView.swift; sourceTree = "<group>"; };
		72E47CFE2B24EF9C0050DAB0 /* ProfileView.swift */ = {isa = PBXFileReference; lastKnownFileType = sourcecode.swift; path = ProfileView.swift; sourceTree = "<group>"; };
		72E47D002B2502350050DAB0 /* ContentView.swift */ = {isa = PBXFileReference; lastKnownFileType = sourcecode.swift; path = ContentView.swift; sourceTree = "<group>"; };
		72E47D032B2526710050DAB0 /* Markers.swift */ = {isa = PBXFileReference; lastKnownFileType = sourcecode.swift; path = Markers.swift; sourceTree = "<group>"; };
/* End PBXFileReference section */

/* Begin PBXFrameworksBuildPhase section */
		72E47CC92B24EE4F0050DAB0 /* Frameworks */ = {
			isa = PBXFrameworksBuildPhase;
			buildActionMask = 2147483647;
			files = (
				7247E4332B82C8070003DDE2 /* PostgREST in Frameworks */,
				7247E4312B82C8070003DDE2 /* Functions in Frameworks */,
				7247E4392B82C8070003DDE2 /* Supabase in Frameworks */,
				7247E42F2B82C8070003DDE2 /* Auth in Frameworks */,
				7247E4372B82C8070003DDE2 /* Storage in Frameworks */,
				7247E4352B82C8070003DDE2 /* Realtime in Frameworks */,
			);
			runOnlyForDeploymentPostprocessing = 0;
		};
		72E47CD92B24EE500050DAB0 /* Frameworks */ = {
			isa = PBXFrameworksBuildPhase;
			buildActionMask = 2147483647;
			files = (
			);
			runOnlyForDeploymentPostprocessing = 0;
		};
		72E47CE32B24EE500050DAB0 /* Frameworks */ = {
			isa = PBXFrameworksBuildPhase;
			buildActionMask = 2147483647;
			files = (
			);
			runOnlyForDeploymentPostprocessing = 0;
		};
/* End PBXFrameworksBuildPhase section */

/* Begin PBXGroup section */
		72AAC2E62B2753D0002FF6A9 /* Spot */ = {
			isa = PBXGroup;
			children = (
				7247E43C2B837EF60003DDE2 /* getRating.swift */,
				72BCA3702B260220009CC151 /* SpotDetailsView.swift */,
				72AAC2E92B275415002FF6A9 /* AddSpotReview.swift */,
				72D5F85C2B603AB700788354 /* SpotView.swift */,
				72D5F85E2B603B9100788354 /* SpotReviewsView.swift */,
				72D5F8602B603BFE00788354 /* SpotMediaView.swift */,
			);
			path = Spot;
			sourceTree = "<group>";
		};
		72E47CC32B24EE4F0050DAB0 = {
			isa = PBXGroup;
			children = (
				72E47CCE2B24EE4F0050DAB0 /* ParkourApp */,
				72E47CDF2B24EE500050DAB0 /* ParkourAppTests */,
				72E47CE92B24EE500050DAB0 /* ParkourAppUITests */,
				72E47CCD2B24EE4F0050DAB0 /* Products */,
			);
			sourceTree = "<group>";
		};
		72E47CCD2B24EE4F0050DAB0 /* Products */ = {
			isa = PBXGroup;
			children = (
				72E47CCC2B24EE4F0050DAB0 /* ParkourApp.app */,
				72E47CDC2B24EE500050DAB0 /* ParkourAppTests.xctest */,
				72E47CE62B24EE500050DAB0 /* ParkourAppUITests.xctest */,
			);
			name = Products;
			sourceTree = "<group>";
		};
		72E47CCE2B24EE4F0050DAB0 /* ParkourApp */ = {
			isa = PBXGroup;
			children = (
				72E47CF92B24EF550050DAB0 /* Views */,
				72E47CCF2B24EE4F0050DAB0 /* ParkourAppApp.swift */,
				72E47D002B2502350050DAB0 /* ContentView.swift */,
				7247E42B2B82C7AE0003DDE2 /* Superbase.swift */,
				72D5F8582B5EC97500788354 /* Colour scheme.swift */,
				72E47CD32B24EE500050DAB0 /* Assets.xcassets */,
				72E47CD52B24EE500050DAB0 /* Preview Content */,
			);
			path = ParkourApp;
			sourceTree = "<group>";
		};
		72E47CD52B24EE500050DAB0 /* Preview Content */ = {
			isa = PBXGroup;
			children = (
				72E47CD62B24EE500050DAB0 /* Preview Assets.xcassets */,
			);
			path = "Preview Content";
			sourceTree = "<group>";
		};
		72E47CDF2B24EE500050DAB0 /* ParkourAppTests */ = {
			isa = PBXGroup;
			children = (
				72E47CE02B24EE500050DAB0 /* ParkourAppTests.swift */,
			);
			path = ParkourAppTests;
			sourceTree = "<group>";
		};
		72E47CE92B24EE500050DAB0 /* ParkourAppUITests */ = {
			isa = PBXGroup;
			children = (
				72E47CEA2B24EE500050DAB0 /* ParkourAppUITests.swift */,
				72E47CEC2B24EE500050DAB0 /* ParkourAppUITestsLaunchTests.swift */,
			);
			path = ParkourAppUITests;
			sourceTree = "<group>";
		};
		72E47CF92B24EF550050DAB0 /* Views */ = {
			isa = PBXGroup;
			children = (
				72AAC2E62B2753D0002FF6A9 /* Spot */,
				72E47D022B2526400050DAB0 /* MapView */,
				72E47CFC2B24EF910050DAB0 /* WorkoutView.swift */,
				72E47CFE2B24EF9C0050DAB0 /* ProfileView.swift */,
				72D5F85A2B5EDB3700788354 /* StarView.swift */,
			);
			path = Views;
			sourceTree = "<group>";
		};
		72E47D022B2526400050DAB0 /* MapView */ = {
			isa = PBXGroup;
			children = (
				72E47CFA2B24EF850050DAB0 /* MapView.swift */,
				72D5F8622B606E1F00788354 /* NewMapView.swift */,
				72E47D032B2526710050DAB0 /* Markers.swift */,
				72D5F8662B65556800788354 /* Reviews.swift */,
				723363392B7CED8F00438EA8 /* Media.swift */,
			);
			path = MapView;
			sourceTree = "<group>";
		};
/* End PBXGroup section */

/* Begin PBXNativeTarget section */
		72E47CCB2B24EE4F0050DAB0 /* ParkourApp */ = {
			isa = PBXNativeTarget;
			buildConfigurationList = 72E47CF02B24EE500050DAB0 /* Build configuration list for PBXNativeTarget "ParkourApp" */;
			buildPhases = (
				72E47CC82B24EE4F0050DAB0 /* Sources */,
				72E47CC92B24EE4F0050DAB0 /* Frameworks */,
				72E47CCA2B24EE4F0050DAB0 /* Resources */,
			);
			buildRules = (
			);
			dependencies = (
			);
			name = ParkourApp;
			packageProductDependencies = (
				7247E42E2B82C8070003DDE2 /* Auth */,
				7247E4302B82C8070003DDE2 /* Functions */,
				7247E4322B82C8070003DDE2 /* PostgREST */,
				7247E4342B82C8070003DDE2 /* Realtime */,
				7247E4362B82C8070003DDE2 /* Storage */,
				7247E4382B82C8070003DDE2 /* Supabase */,
			);
			productName = ParkourApp;
			productReference = 72E47CCC2B24EE4F0050DAB0 /* ParkourApp.app */;
			productType = "com.apple.product-type.application";
		};
		72E47CDB2B24EE500050DAB0 /* ParkourAppTests */ = {
			isa = PBXNativeTarget;
			buildConfigurationList = 72E47CF32B24EE500050DAB0 /* Build configuration list for PBXNativeTarget "ParkourAppTests" */;
			buildPhases = (
				72E47CD82B24EE500050DAB0 /* Sources */,
				72E47CD92B24EE500050DAB0 /* Frameworks */,
				72E47CDA2B24EE500050DAB0 /* Resources */,
			);
			buildRules = (
			);
			dependencies = (
				72E47CDE2B24EE500050DAB0 /* PBXTargetDependency */,
			);
			name = ParkourAppTests;
			productName = ParkourAppTests;
			productReference = 72E47CDC2B24EE500050DAB0 /* ParkourAppTests.xctest */;
			productType = "com.apple.product-type.bundle.unit-test";
		};
		72E47CE52B24EE500050DAB0 /* ParkourAppUITests */ = {
			isa = PBXNativeTarget;
			buildConfigurationList = 72E47CF62B24EE500050DAB0 /* Build configuration list for PBXNativeTarget "ParkourAppUITests" */;
			buildPhases = (
				72E47CE22B24EE500050DAB0 /* Sources */,
				72E47CE32B24EE500050DAB0 /* Frameworks */,
				72E47CE42B24EE500050DAB0 /* Resources */,
			);
			buildRules = (
			);
			dependencies = (
				72E47CE82B24EE500050DAB0 /* PBXTargetDependency */,
			);
			name = ParkourAppUITests;
			productName = ParkourAppUITests;
			productReference = 72E47CE62B24EE500050DAB0 /* ParkourAppUITests.xctest */;
			productType = "com.apple.product-type.bundle.ui-testing";
		};
/* End PBXNativeTarget section */

/* Begin PBXProject section */
		72E47CC42B24EE4F0050DAB0 /* Project object */ = {
			isa = PBXProject;
			attributes = {
				BuildIndependentTargetsInParallel = 1;
				LastSwiftUpdateCheck = 1500;
				LastUpgradeCheck = 1500;
				TargetAttributes = {
					72E47CCB2B24EE4F0050DAB0 = {
						CreatedOnToolsVersion = 15.0.1;
					};
					72E47CDB2B24EE500050DAB0 = {
						CreatedOnToolsVersion = 15.0.1;
						TestTargetID = 72E47CCB2B24EE4F0050DAB0;
					};
					72E47CE52B24EE500050DAB0 = {
						CreatedOnToolsVersion = 15.0.1;
						TestTargetID = 72E47CCB2B24EE4F0050DAB0;
					};
				};
			};
			buildConfigurationList = 72E47CC72B24EE4F0050DAB0 /* Build configuration list for PBXProject "ParkourApp" */;
			compatibilityVersion = "Xcode 14.0";
			developmentRegion = en;
			hasScannedForEncodings = 0;
			knownRegions = (
				en,
				Base,
			);
			mainGroup = 72E47CC32B24EE4F0050DAB0;
			packageReferences = (
				7247E42D2B82C8070003DDE2 /* XCRemoteSwiftPackageReference "supabase-swift" */,
			);
			productRefGroup = 72E47CCD2B24EE4F0050DAB0 /* Products */;
			projectDirPath = "";
			projectRoot = "";
			targets = (
				72E47CCB2B24EE4F0050DAB0 /* ParkourApp */,
				72E47CDB2B24EE500050DAB0 /* ParkourAppTests */,
				72E47CE52B24EE500050DAB0 /* ParkourAppUITests */,
			);
		};
/* End PBXProject section */

/* Begin PBXResourcesBuildPhase section */
		72E47CCA2B24EE4F0050DAB0 /* Resources */ = {
			isa = PBXResourcesBuildPhase;
			buildActionMask = 2147483647;
			files = (
				72E47CD72B24EE500050DAB0 /* Preview Assets.xcassets in Resources */,
				72E47CD42B24EE500050DAB0 /* Assets.xcassets in Resources */,
			);
			runOnlyForDeploymentPostprocessing = 0;
		};
		72E47CDA2B24EE500050DAB0 /* Resources */ = {
			isa = PBXResourcesBuildPhase;
			buildActionMask = 2147483647;
			files = (
			);
			runOnlyForDeploymentPostprocessing = 0;
		};
		72E47CE42B24EE500050DAB0 /* Resources */ = {
			isa = PBXResourcesBuildPhase;
			buildActionMask = 2147483647;
			files = (
			);
			runOnlyForDeploymentPostprocessing = 0;
		};
/* End PBXResourcesBuildPhase section */

/* Begin PBXSourcesBuildPhase section */
		72E47CC82B24EE4F0050DAB0 /* Sources */ = {
			isa = PBXSourcesBuildPhase;
			buildActionMask = 2147483647;
			files = (
				72BCA3712B260220009CC151 /* SpotDetailsView.swift in Sources */,
				72D5F8612B603BFE00788354 /* SpotMediaView.swift in Sources */,
				72E47CFB2B24EF850050DAB0 /* MapView.swift in Sources */,
				72E47D012B2502350050DAB0 /* ContentView.swift in Sources */,
				72D5F8592B5EC97500788354 /* Colour scheme.swift in Sources */,
				72E47CFF2B24EF9C0050DAB0 /* ProfileView.swift in Sources */,
				7233633A2B7CED8F00438EA8 /* Media.swift in Sources */,
				72D5F8672B65556800788354 /* Reviews.swift in Sources */,
				72E47CFD2B24EF910050DAB0 /* WorkoutView.swift in Sources */,
				72D5F85F2B603B9100788354 /* SpotReviewsView.swift in Sources */,
				72D5F85D2B603AB700788354 /* SpotView.swift in Sources */,
				72E47CD02B24EE4F0050DAB0 /* ParkourAppApp.swift in Sources */,
				72D5F8632B606E1F00788354 /* NewMapView.swift in Sources */,
				72E47D042B2526710050DAB0 /* Markers.swift in Sources */,
				72D5F85B2B5EDB3700788354 /* StarView.swift in Sources */,
				72AAC2EA2B275415002FF6A9 /* AddSpotReview.swift in Sources */,
				7247E42C2B82C7AE0003DDE2 /* Superbase.swift in Sources */,
				7247E43D2B837EF60003DDE2 /* getRating.swift in Sources */,
			);
			runOnlyForDeploymentPostprocessing = 0;
		};
		72E47CD82B24EE500050DAB0 /* Sources */ = {
			isa = PBXSourcesBuildPhase;
			buildActionMask = 2147483647;
			files = (
				72E47CE12B24EE500050DAB0 /* ParkourAppTests.swift in Sources */,
			);
			runOnlyForDeploymentPostprocessing = 0;
		};
		72E47CE22B24EE500050DAB0 /* Sources */ = {
			isa = PBXSourcesBuildPhase;
			buildActionMask = 2147483647;
			files = (
				72E47CEB2B24EE500050DAB0 /* ParkourAppUITests.swift in Sources */,
				72E47CED2B24EE500050DAB0 /* ParkourAppUITestsLaunchTests.swift in Sources */,
			);
			runOnlyForDeploymentPostprocessing = 0;
		};
/* End PBXSourcesBuildPhase section */

/* Begin PBXTargetDependency section */
		72E47CDE2B24EE500050DAB0 /* PBXTargetDependency */ = {
			isa = PBXTargetDependency;
			target = 72E47CCB2B24EE4F0050DAB0 /* ParkourApp */;
			targetProxy = 72E47CDD2B24EE500050DAB0 /* PBXContainerItemProxy */;
		};
		72E47CE82B24EE500050DAB0 /* PBXTargetDependency */ = {
			isa = PBXTargetDependency;
			target = 72E47CCB2B24EE4F0050DAB0 /* ParkourApp */;
			targetProxy = 72E47CE72B24EE500050DAB0 /* PBXContainerItemProxy */;
		};
/* End PBXTargetDependency section */

/* Begin XCBuildConfiguration section */
		72E47CEE2B24EE500050DAB0 /* Debug */ = {
			isa = XCBuildConfiguration;
			buildSettings = {
				ALWAYS_SEARCH_USER_PATHS = NO;
				ASSETCATALOG_COMPILER_GENERATE_SWIFT_ASSET_SYMBOL_EXTENSIONS = YES;
				CLANG_ANALYZER_NONNULL = YES;
				CLANG_ANALYZER_NUMBER_OBJECT_CONVERSION = YES_AGGRESSIVE;
				CLANG_CXX_LANGUAGE_STANDARD = "gnu++20";
				CLANG_ENABLE_MODULES = YES;
				CLANG_ENABLE_OBJC_ARC = YES;
				CLANG_ENABLE_OBJC_WEAK = YES;
				CLANG_WARN_BLOCK_CAPTURE_AUTORELEASING = YES;
				CLANG_WARN_BOOL_CONVERSION = YES;
				CLANG_WARN_COMMA = YES;
				CLANG_WARN_CONSTANT_CONVERSION = YES;
				CLANG_WARN_DEPRECATED_OBJC_IMPLEMENTATIONS = YES;
				CLANG_WARN_DIRECT_OBJC_ISA_USAGE = YES_ERROR;
				CLANG_WARN_DOCUMENTATION_COMMENTS = YES;
				CLANG_WARN_EMPTY_BODY = YES;
				CLANG_WARN_ENUM_CONVERSION = YES;
				CLANG_WARN_INFINITE_RECURSION = YES;
				CLANG_WARN_INT_CONVERSION = YES;
				CLANG_WARN_NON_LITERAL_NULL_CONVERSION = YES;
				CLANG_WARN_OBJC_IMPLICIT_RETAIN_SELF = YES;
				CLANG_WARN_OBJC_LITERAL_CONVERSION = YES;
				CLANG_WARN_OBJC_ROOT_CLASS = YES_ERROR;
				CLANG_WARN_QUOTED_INCLUDE_IN_FRAMEWORK_HEADER = YES;
				CLANG_WARN_RANGE_LOOP_ANALYSIS = YES;
				CLANG_WARN_STRICT_PROTOTYPES = YES;
				CLANG_WARN_SUSPICIOUS_MOVE = YES;
				CLANG_WARN_UNGUARDED_AVAILABILITY = YES_AGGRESSIVE;
				CLANG_WARN_UNREACHABLE_CODE = YES;
				CLANG_WARN__DUPLICATE_METHOD_MATCH = YES;
				COPY_PHASE_STRIP = NO;
				DEBUG_INFORMATION_FORMAT = dwarf;
				ENABLE_STRICT_OBJC_MSGSEND = YES;
				ENABLE_TESTABILITY = YES;
				ENABLE_USER_SCRIPT_SANDBOXING = YES;
				GCC_C_LANGUAGE_STANDARD = gnu17;
				GCC_DYNAMIC_NO_PIC = NO;
				GCC_NO_COMMON_BLOCKS = YES;
				GCC_OPTIMIZATION_LEVEL = 0;
				GCC_PREPROCESSOR_DEFINITIONS = (
					"DEBUG=1",
					"$(inherited)",
				);
				GCC_WARN_64_TO_32_BIT_CONVERSION = YES;
				GCC_WARN_ABOUT_RETURN_TYPE = YES_ERROR;
				GCC_WARN_UNDECLARED_SELECTOR = YES;
				GCC_WARN_UNINITIALIZED_AUTOS = YES_AGGRESSIVE;
				GCC_WARN_UNUSED_FUNCTION = YES;
				GCC_WARN_UNUSED_VARIABLE = YES;
				IPHONEOS_DEPLOYMENT_TARGET = 17.0;
				LOCALIZATION_PREFERS_STRING_CATALOGS = YES;
				MTL_ENABLE_DEBUG_INFO = INCLUDE_SOURCE;
				MTL_FAST_MATH = YES;
				ONLY_ACTIVE_ARCH = YES;
				SDKROOT = iphoneos;
				SWIFT_ACTIVE_COMPILATION_CONDITIONS = "DEBUG $(inherited)";
				SWIFT_OPTIMIZATION_LEVEL = "-Onone";
			};
			name = Debug;
		};
		72E47CEF2B24EE500050DAB0 /* Release */ = {
			isa = XCBuildConfiguration;
			buildSettings = {
				ALWAYS_SEARCH_USER_PATHS = NO;
				ASSETCATALOG_COMPILER_GENERATE_SWIFT_ASSET_SYMBOL_EXTENSIONS = YES;
				CLANG_ANALYZER_NONNULL = YES;
				CLANG_ANALYZER_NUMBER_OBJECT_CONVERSION = YES_AGGRESSIVE;
				CLANG_CXX_LANGUAGE_STANDARD = "gnu++20";
				CLANG_ENABLE_MODULES = YES;
				CLANG_ENABLE_OBJC_ARC = YES;
				CLANG_ENABLE_OBJC_WEAK = YES;
				CLANG_WARN_BLOCK_CAPTURE_AUTORELEASING = YES;
				CLANG_WARN_BOOL_CONVERSION = YES;
				CLANG_WARN_COMMA = YES;
				CLANG_WARN_CONSTANT_CONVERSION = YES;
				CLANG_WARN_DEPRECATED_OBJC_IMPLEMENTATIONS = YES;
				CLANG_WARN_DIRECT_OBJC_ISA_USAGE = YES_ERROR;
				CLANG_WARN_DOCUMENTATION_COMMENTS = YES;
				CLANG_WARN_EMPTY_BODY = YES;
				CLANG_WARN_ENUM_CONVERSION = YES;
				CLANG_WARN_INFINITE_RECURSION = YES;
				CLANG_WARN_INT_CONVERSION = YES;
				CLANG_WARN_NON_LITERAL_NULL_CONVERSION = YES;
				CLANG_WARN_OBJC_IMPLICIT_RETAIN_SELF = YES;
				CLANG_WARN_OBJC_LITERAL_CONVERSION = YES;
				CLANG_WARN_OBJC_ROOT_CLASS = YES_ERROR;
				CLANG_WARN_QUOTED_INCLUDE_IN_FRAMEWORK_HEADER = YES;
				CLANG_WARN_RANGE_LOOP_ANALYSIS = YES;
				CLANG_WARN_STRICT_PROTOTYPES = YES;
				CLANG_WARN_SUSPICIOUS_MOVE = YES;
				CLANG_WARN_UNGUARDED_AVAILABILITY = YES_AGGRESSIVE;
				CLANG_WARN_UNREACHABLE_CODE = YES;
				CLANG_WARN__DUPLICATE_METHOD_MATCH = YES;
				COPY_PHASE_STRIP = NO;
				DEBUG_INFORMATION_FORMAT = "dwarf-with-dsym";
				ENABLE_NS_ASSERTIONS = NO;
				ENABLE_STRICT_OBJC_MSGSEND = YES;
				ENABLE_USER_SCRIPT_SANDBOXING = YES;
				GCC_C_LANGUAGE_STANDARD = gnu17;
				GCC_NO_COMMON_BLOCKS = YES;
				GCC_WARN_64_TO_32_BIT_CONVERSION = YES;
				GCC_WARN_ABOUT_RETURN_TYPE = YES_ERROR;
				GCC_WARN_UNDECLARED_SELECTOR = YES;
				GCC_WARN_UNINITIALIZED_AUTOS = YES_AGGRESSIVE;
				GCC_WARN_UNUSED_FUNCTION = YES;
				GCC_WARN_UNUSED_VARIABLE = YES;
				IPHONEOS_DEPLOYMENT_TARGET = 17.0;
				LOCALIZATION_PREFERS_STRING_CATALOGS = YES;
				MTL_ENABLE_DEBUG_INFO = NO;
				MTL_FAST_MATH = YES;
				SDKROOT = iphoneos;
				SWIFT_COMPILATION_MODE = wholemodule;
				VALIDATE_PRODUCT = YES;
			};
			name = Release;
		};
		72E47CF12B24EE500050DAB0 /* Debug */ = {
			isa = XCBuildConfiguration;
			buildSettings = {
				ASSETCATALOG_COMPILER_APPICON_NAME = AppIcon;
				ASSETCATALOG_COMPILER_GLOBAL_ACCENT_COLOR_NAME = AccentColor;
				CODE_SIGN_STYLE = Automatic;
				CURRENT_PROJECT_VERSION = 1;
				DEVELOPMENT_ASSET_PATHS = "\"ParkourApp/Preview Content\"";
				ENABLE_PREVIEWS = YES;
				GENERATE_INFOPLIST_FILE = YES;
				INFOPLIST_KEY_NSLocationWhenInUseUsageDescription = "this app needs location";
				INFOPLIST_KEY_UIApplicationSceneManifest_Generation = YES;
				INFOPLIST_KEY_UIApplicationSupportsIndirectInputEvents = YES;
				INFOPLIST_KEY_UILaunchScreen_Generation = YES;
				INFOPLIST_KEY_UISupportedInterfaceOrientations_iPad = "UIInterfaceOrientationPortrait UIInterfaceOrientationPortraitUpsideDown UIInterfaceOrientationLandscapeLeft UIInterfaceOrientationLandscapeRight";
				INFOPLIST_KEY_UISupportedInterfaceOrientations_iPhone = "UIInterfaceOrientationPortrait UIInterfaceOrientationLandscapeLeft UIInterfaceOrientationLandscapeRight";
				LD_RUNPATH_SEARCH_PATHS = (
					"$(inherited)",
					"@executable_path/Frameworks",
				);
				MARKETING_VERSION = 1.0;
				PRODUCT_BUNDLE_IDENTIFIER = "com.j2-cauvyfoster.ParkourApp";
				PRODUCT_NAME = "$(TARGET_NAME)";
				SWIFT_EMIT_LOC_STRINGS = YES;
				SWIFT_VERSION = 5.0;
				TARGETED_DEVICE_FAMILY = "1,2";
			};
			name = Debug;
		};
		72E47CF22B24EE500050DAB0 /* Release */ = {
			isa = XCBuildConfiguration;
			buildSettings = {
				ASSETCATALOG_COMPILER_APPICON_NAME = AppIcon;
				ASSETCATALOG_COMPILER_GLOBAL_ACCENT_COLOR_NAME = AccentColor;
				CODE_SIGN_STYLE = Automatic;
				CURRENT_PROJECT_VERSION = 1;
				DEVELOPMENT_ASSET_PATHS = "\"ParkourApp/Preview Content\"";
				ENABLE_PREVIEWS = YES;
				GENERATE_INFOPLIST_FILE = YES;
				INFOPLIST_KEY_NSLocationWhenInUseUsageDescription = "this app needs location";
				INFOPLIST_KEY_UIApplicationSceneManifest_Generation = YES;
				INFOPLIST_KEY_UIApplicationSupportsIndirectInputEvents = YES;
				INFOPLIST_KEY_UILaunchScreen_Generation = YES;
				INFOPLIST_KEY_UISupportedInterfaceOrientations_iPad = "UIInterfaceOrientationPortrait UIInterfaceOrientationPortraitUpsideDown UIInterfaceOrientationLandscapeLeft UIInterfaceOrientationLandscapeRight";
				INFOPLIST_KEY_UISupportedInterfaceOrientations_iPhone = "UIInterfaceOrientationPortrait UIInterfaceOrientationLandscapeLeft UIInterfaceOrientationLandscapeRight";
				LD_RUNPATH_SEARCH_PATHS = (
					"$(inherited)",
					"@executable_path/Frameworks",
				);
				MARKETING_VERSION = 1.0;
				PRODUCT_BUNDLE_IDENTIFIER = "com.j2-cauvyfoster.ParkourApp";
				PRODUCT_NAME = "$(TARGET_NAME)";
				SWIFT_EMIT_LOC_STRINGS = YES;
				SWIFT_VERSION = 5.0;
				TARGETED_DEVICE_FAMILY = "1,2";
			};
			name = Release;
		};
		72E47CF42B24EE500050DAB0 /* Debug */ = {
			isa = XCBuildConfiguration;
			buildSettings = {
				ALWAYS_EMBED_SWIFT_STANDARD_LIBRARIES = YES;
				BUNDLE_LOADER = "$(TEST_HOST)";
				CODE_SIGN_STYLE = Automatic;
				CURRENT_PROJECT_VERSION = 1;
				GENERATE_INFOPLIST_FILE = YES;
				IPHONEOS_DEPLOYMENT_TARGET = 17.0;
				MARKETING_VERSION = 1.0;
				PRODUCT_BUNDLE_IDENTIFIER = "com.j2-cauvyfoster.ParkourAppTests";
				PRODUCT_NAME = "$(TARGET_NAME)";
				SWIFT_EMIT_LOC_STRINGS = NO;
				SWIFT_VERSION = 5.0;
				TARGETED_DEVICE_FAMILY = "1,2";
				TEST_HOST = "$(BUILT_PRODUCTS_DIR)/ParkourApp.app/$(BUNDLE_EXECUTABLE_FOLDER_PATH)/ParkourApp";
			};
			name = Debug;
		};
		72E47CF52B24EE500050DAB0 /* Release */ = {
			isa = XCBuildConfiguration;
			buildSettings = {
				ALWAYS_EMBED_SWIFT_STANDARD_LIBRARIES = YES;
				BUNDLE_LOADER = "$(TEST_HOST)";
				CODE_SIGN_STYLE = Automatic;
				CURRENT_PROJECT_VERSION = 1;
				GENERATE_INFOPLIST_FILE = YES;
				IPHONEOS_DEPLOYMENT_TARGET = 17.0;
				MARKETING_VERSION = 1.0;
				PRODUCT_BUNDLE_IDENTIFIER = "com.j2-cauvyfoster.ParkourAppTests";
				PRODUCT_NAME = "$(TARGET_NAME)";
				SWIFT_EMIT_LOC_STRINGS = NO;
				SWIFT_VERSION = 5.0;
				TARGETED_DEVICE_FAMILY = "1,2";
				TEST_HOST = "$(BUILT_PRODUCTS_DIR)/ParkourApp.app/$(BUNDLE_EXECUTABLE_FOLDER_PATH)/ParkourApp";
			};
			name = Release;
		};
		72E47CF72B24EE500050DAB0 /* Debug */ = {
			isa = XCBuildConfiguration;
			buildSettings = {
				ALWAYS_EMBED_SWIFT_STANDARD_LIBRARIES = YES;
				CODE_SIGN_STYLE = Automatic;
				CURRENT_PROJECT_VERSION = 1;
				GENERATE_INFOPLIST_FILE = YES;
				MARKETING_VERSION = 1.0;
				PRODUCT_BUNDLE_IDENTIFIER = "com.j2-cauvyfoster.ParkourAppUITests";
				PRODUCT_NAME = "$(TARGET_NAME)";
				SWIFT_EMIT_LOC_STRINGS = NO;
				SWIFT_VERSION = 5.0;
				TARGETED_DEVICE_FAMILY = "1,2";
				TEST_TARGET_NAME = ParkourApp;
			};
			name = Debug;
		};
		72E47CF82B24EE500050DAB0 /* Release */ = {
			isa = XCBuildConfiguration;
			buildSettings = {
				ALWAYS_EMBED_SWIFT_STANDARD_LIBRARIES = YES;
				CODE_SIGN_STYLE = Automatic;
				CURRENT_PROJECT_VERSION = 1;
				GENERATE_INFOPLIST_FILE = YES;
				MARKETING_VERSION = 1.0;
				PRODUCT_BUNDLE_IDENTIFIER = "com.j2-cauvyfoster.ParkourAppUITests";
				PRODUCT_NAME = "$(TARGET_NAME)";
				SWIFT_EMIT_LOC_STRINGS = NO;
				SWIFT_VERSION = 5.0;
				TARGETED_DEVICE_FAMILY = "1,2";
				TEST_TARGET_NAME = ParkourApp;
			};
			name = Release;
		};
/* End XCBuildConfiguration section */

/* Begin XCConfigurationList section */
		72E47CC72B24EE4F0050DAB0 /* Build configuration list for PBXProject "ParkourApp" */ = {
			isa = XCConfigurationList;
			buildConfigurations = (
				72E47CEE2B24EE500050DAB0 /* Debug */,
				72E47CEF2B24EE500050DAB0 /* Release */,
			);
			defaultConfigurationIsVisible = 0;
			defaultConfigurationName = Release;
		};
		72E47CF02B24EE500050DAB0 /* Build configuration list for PBXNativeTarget "ParkourApp" */ = {
			isa = XCConfigurationList;
			buildConfigurations = (
				72E47CF12B24EE500050DAB0 /* Debug */,
				72E47CF22B24EE500050DAB0 /* Release */,
			);
			defaultConfigurationIsVisible = 0;
			defaultConfigurationName = Release;
		};
		72E47CF32B24EE500050DAB0 /* Build configuration list for PBXNativeTarget "ParkourAppTests" */ = {
			isa = XCConfigurationList;
			buildConfigurations = (
				72E47CF42B24EE500050DAB0 /* Debug */,
				72E47CF52B24EE500050DAB0 /* Release */,
			);
			defaultConfigurationIsVisible = 0;
			defaultConfigurationName = Release;
		};
		72E47CF62B24EE500050DAB0 /* Build configuration list for PBXNativeTarget "ParkourAppUITests" */ = {
			isa = XCConfigurationList;
			buildConfigurations = (
				72E47CF72B24EE500050DAB0 /* Debug */,
				72E47CF82B24EE500050DAB0 /* Release */,
			);
			defaultConfigurationIsVisible = 0;
			defaultConfigurationName = Release;
		};
/* End XCConfigurationList section */

/* Begin XCRemoteSwiftPackageReference section */
		7247E42D2B82C8070003DDE2 /* XCRemoteSwiftPackageReference "supabase-swift" */ = {
			isa = XCRemoteSwiftPackageReference;
			repositoryURL = "https://github.com/supabase-community/supabase-swift";
			requirement = {
				kind = upToNextMajorVersion;
				minimumVersion = 2.3.1;
			};
		};
/* End XCRemoteSwiftPackageReference section */

/* Begin XCSwiftPackageProductDependency section */
		7247E42E2B82C8070003DDE2 /* Auth */ = {
			isa = XCSwiftPackageProductDependency;
			package = 7247E42D2B82C8070003DDE2 /* XCRemoteSwiftPackageReference "supabase-swift" */;
			productName = Auth;
		};
		7247E4302B82C8070003DDE2 /* Functions */ = {
			isa = XCSwiftPackageProductDependency;
			package = 7247E42D2B82C8070003DDE2 /* XCRemoteSwiftPackageReference "supabase-swift" */;
			productName = Functions;
		};
		7247E4322B82C8070003DDE2 /* PostgREST */ = {
			isa = XCSwiftPackageProductDependency;
			package = 7247E42D2B82C8070003DDE2 /* XCRemoteSwiftPackageReference "supabase-swift" */;
			productName = PostgREST;
		};
		7247E4342B82C8070003DDE2 /* Realtime */ = {
			isa = XCSwiftPackageProductDependency;
			package = 7247E42D2B82C8070003DDE2 /* XCRemoteSwiftPackageReference "supabase-swift" */;
			productName = Realtime;
		};
		7247E4362B82C8070003DDE2 /* Storage */ = {
			isa = XCSwiftPackageProductDependency;
			package = 7247E42D2B82C8070003DDE2 /* XCRemoteSwiftPackageReference "supabase-swift" */;
			productName = Storage;
		};
		7247E4382B82C8070003DDE2 /* Supabase */ = {
			isa = XCSwiftPackageProductDependency;
			package = 7247E42D2B82C8070003DDE2 /* XCRemoteSwiftPackageReference "supabase-swift" */;
			productName = Supabase;
		};
/* End XCSwiftPackageProductDependency section */
	};
	rootObject = 72E47CC42B24EE4F0050DAB0 /* Project object */;
}
